Microsoft Visual Studio Solution File, Format Version 12.00
# Visual Studio 15
VisualStudioVersion = 15.0.28307.1082
MinimumVisualStudioVersion = 10.0.40219.1
Project("{FAE04EC0-301F-11D3-BF4B-00C04F79EFBC}") = "Viewer.ClientControls", "Viewer.ClientControls\Viewer.ClientControls.csproj", "{A247D2EE-14FC-463D-A9BA-6CFF1EF22B7A}"
EndProject
Project("{FAE04EC0-301F-11D3-BF4B-00C04F79EFBC}") = "Viewer.UserInterface", "Viewer.UserInterface\Viewer.UserInterface.csproj", "{D7601329-530D-4537-B9B9-D9D53D5F81F6}"
EndProject
Project("{FAE04EC0-301F-11D3-BF4B-00C04F79EFBC}") = "Viewer.ViewerControls", "Viewer.VieweControls\Viewer.ViewerControls.csproj", "{92AE819B-4938-4502-AC32-67063F9893CD}"
EndProject
Project("{2150E333-8FDC-42A3-9474-1A3956D46DE8}") = "_Solution Items", "_Solution Items", "{DBC6DFC7-F187-446D-BFB3-49A4EAF2DAB9}"
	ProjectSection(SolutionItems) = preProject
		docs\README.md = docs\README.md
		SolutionMetadataTemplate.t4 = SolutionMetadataTemplate.t4
	EndProjectSection
EndProject
Project("{54435603-DBB4-11D2-8724-00A0C9A8B90C}") = "Viewer.Setup", "Viewer.Setup\Viewer.Setup.vdproj", "{924C2348-0ABD-453D-BE47-4C24B6D8A96C}"
EndProject
Project("{FAE04EC0-301F-11D3-BF4B-00C04F79EFBC}") = "Viewer.UserInterfaceUnitTest", "Viewer.UserInterfaceUnitTest\Viewer.UserInterfaceUnitTest.csproj", "{FD99E534-1EC3-48A4-8B0D-0F93827EA8E5}"
EndProject
Global
	GlobalSection(SolutionConfigurationPlatforms) = preSolution
		Debug|Any CPU = Debug|Any CPU
		Release|Any CPU = Release|Any CPU
	EndGlobalSection
	GlobalSection(ProjectConfigurationPlatforms) = postSolution
		{A247D2EE-14FC-463D-A9BA-6CFF1EF22B7A}.Debug|Any CPU.ActiveCfg = Debug|Any CPU
		{A247D2EE-14FC-463D-A9BA-6CFF1EF22B7A}.Debug|Any CPU.Build.0 = Debug|Any CPU
		{A247D2EE-14FC-463D-A9BA-6CFF1EF22B7A}.Release|Any CPU.ActiveCfg = Release|Any CPU
		{A247D2EE-14FC-463D-A9BA-6CFF1EF22B7A}.Release|Any CPU.Build.0 = Release|Any CPU
		{D7601329-530D-4537-B9B9-D9D53D5F81F6}.Debug|Any CPU.ActiveCfg = Debug|Any CPU
		{D7601329-530D-4537-B9B9-D9D53D5F81F6}.Debug|Any CPU.Build.0 = Debug|Any CPU
		{D7601329-530D-4537-B9B9-D9D53D5F81F6}.Release|Any CPU.ActiveCfg = Release|Any CPU
		{D7601329-530D-4537-B9B9-D9D53D5F81F6}.Release|Any CPU.Build.0 = Release|Any CPU
		{92AE819B-4938-4502-AC32-67063F9893CD}.Debug|Any CPU.ActiveCfg = Debug|Any CPU
		{92AE819B-4938-4502-AC32-67063F9893CD}.Debug|Any CPU.Build.0 = Debug|Any CPU
		{92AE819B-4938-4502-AC32-67063F9893CD}.Release|Any CPU.ActiveCfg = Release|Any CPU
		{92AE819B-4938-4502-AC32-67063F9893CD}.Release|Any CPU.Build.0 = Release|Any CPU
		{924C2348-0ABD-453D-BE47-4C24B6D8A96C}.Debug|Any CPU.ActiveCfg = Debug
		{924C2348-0ABD-453D-BE47-4C24B6D8A96C}.Release|Any CPU.ActiveCfg = Release
		{FD99E534-1EC3-48A4-8B0D-0F93827EA8E5}.Debug|Any CPU.ActiveCfg = Debug|Any CPU
		{FD99E534-1EC3-48A4-8B0D-0F93827EA8E5}.Debug|Any CPU.Build.0 = Debug|Any CPU
		{FD99E534-1EC3-48A4-8B0D-0F93827EA8E5}.Release|Any CPU.ActiveCfg = Release|Any CPU
		{FD99E534-1EC3-48A4-8B0D-0F93827EA8E5}.Release|Any CPU.Build.0 = Release|Any CPU
	EndGlobalSection
	GlobalSection(SolutionProperties) = preSolution
		HideSolutionNode = FALSE
	EndGlobalSection
	GlobalSection(ExtensibilityGlobals) = postSolution
		SolutionGuid = {9C9C9346-6D8D-4FF8-8325-E67AC6654F2E}
	EndGlobalSection
EndGlobal
