Microsoft Visual Studio Solution File, Format Version 12.00
# Visual Studio 14
VisualStudioVersion = 14.0.25420.1
MinimumVisualStudioVersion = 10.0.40219.1
Project("{FAE04EC0-301F-11D3-BF4B-00C04F79EFBC}") = "Viewer.ClientControls", "Viewer.ClientControls\Viewer.ClientControls.csproj", "{A247D2EE-14FC-463D-A9BA-6CFF1EF22B7A}"
EndProject
Project("{FAE04EC0-301F-11D3-BF4B-00C04F79EFBC}") = "Viewer.UserInterface", "Viewer.UserInterface\Viewer.UserInterface.csproj", "{D7601329-530D-4537-B9B9-D9D53D5F81F6}"
EndProject
Project("{FAE04EC0-301F-11D3-BF4B-00C04F79EFBC}") = "Viewer.ViewerControls", "Viewe.VieweControls\Viewer.ViewerControls.csproj", "{92AE819B-4938-4502-AC32-67063F9893CD}"
EndProject
Project("{2150E333-8FDC-42A3-9474-1A3956D46DE8}") = "_Solution Items", "_Solution Items", "{DBC6DFC7-F187-446D-BFB3-49A4EAF2DAB9}"
	ProjectSection(SolutionItems) = preProject
		Viewer.Scripts\SignInstall.cmd = Viewer.Scripts\SignInstall.cmd
	EndProjectSection
EndProject
Project("{54435603-DBB4-11D2-8724-00A0C9A8B90C}") = "Viewer.Setup", "Viewer.Setup\Viewer.Setup.vdproj", "{924C2348-0ABD-453D-BE47-4C24B6D8A96C}"
EndProject
Project("{FAE04EC0-301F-11D3-BF4B-00C04F79EFBC}") = "T4Definitions", "..\PR39-CommonResources\T4Definitions\T4Definitions.csproj", "{D506423B-BA21-49E6-8C3B-88A771CA444E}"
EndProject
Global
	GlobalSection(SolutionConfigurationPlatforms) = preSolution
		Debug|Any CPU = Debug|Any CPU
		Debug|x64 = Debug|x64
		Release|Any CPU = Release|Any CPU
		Release|x64 = Release|x64
	EndGlobalSection
	GlobalSection(ProjectConfigurationPlatforms) = postSolution
		{A247D2EE-14FC-463D-A9BA-6CFF1EF22B7A}.Debug|Any CPU.ActiveCfg = Debug|Any CPU
		{A247D2EE-14FC-463D-A9BA-6CFF1EF22B7A}.Debug|Any CPU.Build.0 = Debug|Any CPU
		{A247D2EE-14FC-463D-A9BA-6CFF1EF22B7A}.Debug|x64.ActiveCfg = Debug|Any CPU
		{A247D2EE-14FC-463D-A9BA-6CFF1EF22B7A}.Debug|x64.Build.0 = Debug|Any CPU
		{A247D2EE-14FC-463D-A9BA-6CFF1EF22B7A}.Release|Any CPU.ActiveCfg = Release|Any CPU
		{A247D2EE-14FC-463D-A9BA-6CFF1EF22B7A}.Release|Any CPU.Build.0 = Release|Any CPU
		{A247D2EE-14FC-463D-A9BA-6CFF1EF22B7A}.Release|x64.ActiveCfg = Release|x64
		{A247D2EE-14FC-463D-A9BA-6CFF1EF22B7A}.Release|x64.Build.0 = Release|x64
		{D7601329-530D-4537-B9B9-D9D53D5F81F6}.Debug|Any CPU.ActiveCfg = Debug|Any CPU
		{D7601329-530D-4537-B9B9-D9D53D5F81F6}.Debug|Any CPU.Build.0 = Debug|Any CPU
		{D7601329-530D-4537-B9B9-D9D53D5F81F6}.Debug|x64.ActiveCfg = Debug|Any CPU
		{D7601329-530D-4537-B9B9-D9D53D5F81F6}.Debug|x64.Build.0 = Debug|Any CPU
		{D7601329-530D-4537-B9B9-D9D53D5F81F6}.Release|Any CPU.ActiveCfg = Release|Any CPU
		{D7601329-530D-4537-B9B9-D9D53D5F81F6}.Release|Any CPU.Build.0 = Release|Any CPU
		{D7601329-530D-4537-B9B9-D9D53D5F81F6}.Release|x64.ActiveCfg = Release|x64
		{D7601329-530D-4537-B9B9-D9D53D5F81F6}.Release|x64.Build.0 = Release|x64
		{92AE819B-4938-4502-AC32-67063F9893CD}.Debug|Any CPU.ActiveCfg = Debug|Any CPU
		{92AE819B-4938-4502-AC32-67063F9893CD}.Debug|Any CPU.Build.0 = Debug|Any CPU
		{92AE819B-4938-4502-AC32-67063F9893CD}.Debug|x64.ActiveCfg = Debug|Any CPU
		{92AE819B-4938-4502-AC32-67063F9893CD}.Debug|x64.Build.0 = Debug|Any CPU
		{92AE819B-4938-4502-AC32-67063F9893CD}.Release|Any CPU.ActiveCfg = Release|Any CPU
		{92AE819B-4938-4502-AC32-67063F9893CD}.Release|Any CPU.Build.0 = Release|Any CPU
		{92AE819B-4938-4502-AC32-67063F9893CD}.Release|x64.ActiveCfg = Release|x64
		{92AE819B-4938-4502-AC32-67063F9893CD}.Release|x64.Build.0 = Release|x64
		{924C2348-0ABD-453D-BE47-4C24B6D8A96C}.Debug|Any CPU.ActiveCfg = Debug
		{924C2348-0ABD-453D-BE47-4C24B6D8A96C}.Debug|x64.ActiveCfg = Debug
		{924C2348-0ABD-453D-BE47-4C24B6D8A96C}.Debug|x64.Build.0 = Debug
		{924C2348-0ABD-453D-BE47-4C24B6D8A96C}.Release|Any CPU.ActiveCfg = Release
		{924C2348-0ABD-453D-BE47-4C24B6D8A96C}.Release|x64.ActiveCfg = Release
		{924C2348-0ABD-453D-BE47-4C24B6D8A96C}.Release|x64.Build.0 = Release
		{D506423B-BA21-49E6-8C3B-88A771CA444E}.Debug|Any CPU.ActiveCfg = Debug|Any CPU
		{D506423B-BA21-49E6-8C3B-88A771CA444E}.Debug|Any CPU.Build.0 = Debug|Any CPU
		{D506423B-BA21-49E6-8C3B-88A771CA444E}.Debug|x64.ActiveCfg = Debug|x64
		{D506423B-BA21-49E6-8C3B-88A771CA444E}.Debug|x64.Build.0 = Debug|x64
		{D506423B-BA21-49E6-8C3B-88A771CA444E}.Release|Any CPU.ActiveCfg = Release|Any CPU
		{D506423B-BA21-49E6-8C3B-88A771CA444E}.Release|Any CPU.Build.0 = Release|Any CPU
		{D506423B-BA21-49E6-8C3B-88A771CA444E}.Release|x64.ActiveCfg = Release|x64
		{D506423B-BA21-49E6-8C3B-88A771CA444E}.Release|x64.Build.0 = Release|x64
	EndGlobalSection
	GlobalSection(SolutionProperties) = preSolution
		HideSolutionNode = FALSE
	EndGlobalSection
	GlobalSection(NestedProjects) = preSolution
		{D506423B-BA21-49E6-8C3B-88A771CA444E} = {DBC6DFC7-F187-446D-BFB3-49A4EAF2DAB9}
	EndGlobalSection
EndGlobal
